
Microsoft Visual Studio Solution File, Format Version 12.00
# Visual Studio Version 17
VisualStudioVersion = 17.8.34004.107
MinimumVisualStudioVersion = 10.0.40219.1
Project("{2150E333-8FDC-42A3-9474-1A3956D46DE8}") = "src", "src", "{C6FD6E16-CB9C-4DB2-86FD-BC2F58E706D4}"
EndProject
Project("{9A19103F-16F7-4668-BE54-9A1E7A4F7556}") = "BlogService.Library", "src\BlogService.Library\BlogService.Library.csproj", "{0941A3E5-59B0-47F3-BFB4-29DD6ED3ED39}"
EndProject
Project("{9A19103F-16F7-4668-BE54-9A1E7A4F7556}") = "BlogService.UI", "src\BlogService.UI\BlogService.UI.csproj", "{6322BC6E-42DE-47BB-BD34-173C20CF9984}"
EndProject
Project("{2150E333-8FDC-42A3-9474-1A3956D46DE8}") = "0 Solution Items", "0 Solution Items", "{8A28A316-DA0A-4C3E-A96F-D7E670D2629E}"
	ProjectSection(SolutionItems) = preProject
		.editorconfig = .editorconfig
		.gitattributes = .gitattributes
		.gitignore = .gitignore
		LICENSE.txt = LICENSE.txt
		README.md = README.md
	EndProjectSection
EndProject
Project("{FAE04EC0-301F-11D3-BF4B-00C04F79EFBC}") = "BlogService.Library.Tests.Unit", "src\BlogService.Library.Tests.Unit\BlogService.Library.Tests.Unit.csproj", "{24C0F4D2-D867-42F3-85B8-EB2F4B2FCF6D}"
EndProject
Project("{2150E333-8FDC-42A3-9474-1A3956D46DE8}") = "z. Tests", "z. Tests", "{39B85563-8823-455F-AC9B-003C4D2521C5}"
EndProject
Project("{2150E333-8FDC-42A3-9474-1A3956D46DE8}") = "1. Source", "1. Source", "{ACC62000-8B7B-460D-97C4-4CC54CF239C4}"
EndProject
Global
	GlobalSection(SolutionConfigurationPlatforms) = preSolution
		Debug|Any CPU = Debug|Any CPU
		Release|Any CPU = Release|Any CPU
	EndGlobalSection
	GlobalSection(ProjectConfigurationPlatforms) = postSolution
		{0941A3E5-59B0-47F3-BFB4-29DD6ED3ED39}.Debug|Any CPU.ActiveCfg = Debug|Any CPU
		{0941A3E5-59B0-47F3-BFB4-29DD6ED3ED39}.Debug|Any CPU.Build.0 = Debug|Any CPU
		{0941A3E5-59B0-47F3-BFB4-29DD6ED3ED39}.Release|Any CPU.ActiveCfg = Release|Any CPU
		{0941A3E5-59B0-47F3-BFB4-29DD6ED3ED39}.Release|Any CPU.Build.0 = Release|Any CPU
		{6322BC6E-42DE-47BB-BD34-173C20CF9984}.Debug|Any CPU.ActiveCfg = Debug|Any CPU
		{6322BC6E-42DE-47BB-BD34-173C20CF9984}.Debug|Any CPU.Build.0 = Debug|Any CPU
		{6322BC6E-42DE-47BB-BD34-173C20CF9984}.Release|Any CPU.ActiveCfg = Release|Any CPU
		{6322BC6E-42DE-47BB-BD34-173C20CF9984}.Release|Any CPU.Build.0 = Release|Any CPU
		{24C0F4D2-D867-42F3-85B8-EB2F4B2FCF6D}.Debug|Any CPU.ActiveCfg = Debug|Any CPU
		{24C0F4D2-D867-42F3-85B8-EB2F4B2FCF6D}.Debug|Any CPU.Build.0 = Debug|Any CPU
		{24C0F4D2-D867-42F3-85B8-EB2F4B2FCF6D}.Release|Any CPU.ActiveCfg = Release|Any CPU
		{24C0F4D2-D867-42F3-85B8-EB2F4B2FCF6D}.Release|Any CPU.Build.0 = Release|Any CPU
	EndGlobalSection
	GlobalSection(SolutionProperties) = preSolution
		HideSolutionNode = FALSE
	EndGlobalSection
	GlobalSection(NestedProjects) = preSolution
		{39B85563-8823-455F-AC9B-003C4D2521C5} = {C6FD6E16-CB9C-4DB2-86FD-BC2F58E706D4}
		{24C0F4D2-D867-42F3-85B8-EB2F4B2FCF6D} = {39B85563-8823-455F-AC9B-003C4D2521C5}
		{ACC62000-8B7B-460D-97C4-4CC54CF239C4} = {C6FD6E16-CB9C-4DB2-86FD-BC2F58E706D4}
		{0941A3E5-59B0-47F3-BFB4-29DD6ED3ED39} = {ACC62000-8B7B-460D-97C4-4CC54CF239C4}
		{6322BC6E-42DE-47BB-BD34-173C20CF9984} = {ACC62000-8B7B-460D-97C4-4CC54CF239C4}
	EndGlobalSection
	GlobalSection(ExtensibilityGlobals) = postSolution
		SolutionGuid = {520F40D0-637A-4451-ABD4-53F56998ED0B}
	EndGlobalSection
EndGlobal
