
Microsoft Visual Studio Solution File, Format Version 12.00
# Visual Studio Version 17
VisualStudioVersion = 17.8.34004.107
MinimumVisualStudioVersion = 10.0.40219.1
Project("{2150E333-8FDC-42A3-9474-1A3956D46DE8}") = "src", "src", "{C6FD6E16-CB9C-4DB2-86FD-BC2F58E706D4}"
EndProject
Project("{2150E333-8FDC-42A3-9474-1A3956D46DE8}") = "Solution Items", "Solution Items", "{7374572A-21DC-4D04-9F0C-2318770BDB48}"
EndProject
Project("{9A19103F-16F7-4668-BE54-9A1E7A4F7556}") = "BlogService.Library", "src\BlogService.Library\BlogService.Library.csproj", "{0941A3E5-59B0-47F3-BFB4-29DD6ED3ED39}"
EndProject
Project("{9A19103F-16F7-4668-BE54-9A1E7A4F7556}") = "BlogService.UI", "src\BlogService.UI\BlogService.UI.csproj", "{6322BC6E-42DE-47BB-BD34-173C20CF9984}"
EndProject
Global
	GlobalSection(SolutionConfigurationPlatforms) = preSolution
		Debug|Any CPU = Debug|Any CPU
		Release|Any CPU = Release|Any CPU
	EndGlobalSection
	GlobalSection(ProjectConfigurationPlatforms) = postSolution
		{0941A3E5-59B0-47F3-BFB4-29DD6ED3ED39}.Debug|Any CPU.ActiveCfg = Debug|Any CPU
		{0941A3E5-59B0-47F3-BFB4-29DD6ED3ED39}.Debug|Any CPU.Build.0 = Debug|Any CPU
		{0941A3E5-59B0-47F3-BFB4-29DD6ED3ED39}.Release|Any CPU.ActiveCfg = Release|Any CPU
		{0941A3E5-59B0-47F3-BFB4-29DD6ED3ED39}.Release|Any CPU.Build.0 = Release|Any CPU
		{6322BC6E-42DE-47BB-BD34-173C20CF9984}.Debug|Any CPU.ActiveCfg = Debug|Any CPU
		{6322BC6E-42DE-47BB-BD34-173C20CF9984}.Debug|Any CPU.Build.0 = Debug|Any CPU
		{6322BC6E-42DE-47BB-BD34-173C20CF9984}.Release|Any CPU.ActiveCfg = Release|Any CPU
		{6322BC6E-42DE-47BB-BD34-173C20CF9984}.Release|Any CPU.Build.0 = Release|Any CPU
	EndGlobalSection
	GlobalSection(SolutionProperties) = preSolution
		HideSolutionNode = FALSE
	EndGlobalSection
	GlobalSection(NestedProjects) = preSolution
		{0941A3E5-59B0-47F3-BFB4-29DD6ED3ED39} = {C6FD6E16-CB9C-4DB2-86FD-BC2F58E706D4}
		{6322BC6E-42DE-47BB-BD34-173C20CF9984} = {C6FD6E16-CB9C-4DB2-86FD-BC2F58E706D4}
	EndGlobalSection
	GlobalSection(ExtensibilityGlobals) = postSolution
		SolutionGuid = {520F40D0-637A-4451-ABD4-53F56998ED0B}
	EndGlobalSection
EndGlobal
